<?xml version="1.0" encoding="utf-8"?>
<Project ToolsVersion="17.0" xmlns="http://schemas.microsoft.com/developer/msbuild/2003">
  <ItemGroup>
    <ClCompile Include="C:\G1\2022-polytech-bessonov\03_cpp\intro\hello.cpp">
      <Filter>Source Files</Filter>
    </ClCompile>
  </ItemGroup>
  <ItemGroup>
    <CustomBuild Include="C:\G1\2022-polytech-bessonov\03_cpp\intro\CMakeLists.txt" />
  </ItemGroup>
  <ItemGroup>
    <Filter Include="Source Files">
      <UniqueIdentifier>{F87BEC89-AF46-35DE-BD02-EBC48865DE8F}</UniqueIdentifier>
    </Filter>
  </ItemGroup>
</Project>
