
Microsoft Visual Studio Solution File, Format Version 12.00
# Visual Studio Version 17
Project("{8BC9CEB8-8B4A-11D0-8D11-00A0C91BC942}") = "ALL_BUILD", "ALL_BUILD.vcxproj", "{9D75DCAB-F189-3D7E-A05F-540E174F6994}"
	ProjectSection(ProjectDependencies) = postProject
		{EA450552-BFCD-31B4-A6A4-7D31BC872A4A} = {EA450552-BFCD-31B4-A6A4-7D31BC872A4A}
		{405B9C1F-56E7-364F-8E16-382E6E979A71} = {405B9C1F-56E7-364F-8E16-382E6E979A71}
	EndProjectSection
EndProject
Project("{8BC9CEB8-8B4A-11D0-8D11-00A0C91BC942}") = "Calculator", "Calculator.vcxproj", "{EA450552-BFCD-31B4-A6A4-7D31BC872A4A}"
	ProjectSection(ProjectDependencies) = postProject
		{405B9C1F-56E7-364F-8E16-382E6E979A71} = {405B9C1F-56E7-364F-8E16-382E6E979A71}
	EndProjectSection
EndProject
Project("{8BC9CEB8-8B4A-11D0-8D11-00A0C91BC942}") = "ZERO_CHECK", "ZERO_CHECK.vcxproj", "{405B9C1F-56E7-364F-8E16-382E6E979A71}"
	ProjectSection(ProjectDependencies) = postProject
	EndProjectSection
EndProject
Global
	GlobalSection(SolutionConfigurationPlatforms) = preSolution
		Debug|x64 = Debug|x64
		Release|x64 = Release|x64
		MinSizeRel|x64 = MinSizeRel|x64
		RelWithDebInfo|x64 = RelWithDebInfo|x64
	EndGlobalSection
	GlobalSection(ProjectConfigurationPlatforms) = postSolution
		{9D75DCAB-F189-3D7E-A05F-540E174F6994}.Debug|x64.ActiveCfg = Debug|x64
		{9D75DCAB-F189-3D7E-A05F-540E174F6994}.Release|x64.ActiveCfg = Release|x64
		{9D75DCAB-F189-3D7E-A05F-540E174F6994}.MinSizeRel|x64.ActiveCfg = MinSizeRel|x64
		{9D75DCAB-F189-3D7E-A05F-540E174F6994}.RelWithDebInfo|x64.ActiveCfg = RelWithDebInfo|x64
		{EA450552-BFCD-31B4-A6A4-7D31BC872A4A}.Debug|x64.ActiveCfg = Debug|x64
		{EA450552-BFCD-31B4-A6A4-7D31BC872A4A}.Debug|x64.Build.0 = Debug|x64
		{EA450552-BFCD-31B4-A6A4-7D31BC872A4A}.Release|x64.ActiveCfg = Release|x64
		{EA450552-BFCD-31B4-A6A4-7D31BC872A4A}.Release|x64.Build.0 = Release|x64
		{EA450552-BFCD-31B4-A6A4-7D31BC872A4A}.MinSizeRel|x64.ActiveCfg = MinSizeRel|x64
		{EA450552-BFCD-31B4-A6A4-7D31BC872A4A}.MinSizeRel|x64.Build.0 = MinSizeRel|x64
		{EA450552-BFCD-31B4-A6A4-7D31BC872A4A}.RelWithDebInfo|x64.ActiveCfg = RelWithDebInfo|x64
		{EA450552-BFCD-31B4-A6A4-7D31BC872A4A}.RelWithDebInfo|x64.Build.0 = RelWithDebInfo|x64
		{405B9C1F-56E7-364F-8E16-382E6E979A71}.Debug|x64.ActiveCfg = Debug|x64
		{405B9C1F-56E7-364F-8E16-382E6E979A71}.Debug|x64.Build.0 = Debug|x64
		{405B9C1F-56E7-364F-8E16-382E6E979A71}.Release|x64.ActiveCfg = Release|x64
		{405B9C1F-56E7-364F-8E16-382E6E979A71}.Release|x64.Build.0 = Release|x64
		{405B9C1F-56E7-364F-8E16-382E6E979A71}.MinSizeRel|x64.ActiveCfg = MinSizeRel|x64
		{405B9C1F-56E7-364F-8E16-382E6E979A71}.MinSizeRel|x64.Build.0 = MinSizeRel|x64
		{405B9C1F-56E7-364F-8E16-382E6E979A71}.RelWithDebInfo|x64.ActiveCfg = RelWithDebInfo|x64
		{405B9C1F-56E7-364F-8E16-382E6E979A71}.RelWithDebInfo|x64.Build.0 = RelWithDebInfo|x64
	EndGlobalSection
	GlobalSection(ExtensibilityGlobals) = postSolution
		SolutionGuid = {4418FC3C-E76D-3906-9452-89411CF1F92A}
	EndGlobalSection
	GlobalSection(ExtensibilityAddIns) = postSolution
	EndGlobalSection
EndGlobal
